
Microsoft Visual Studio Solution File, Format Version 12.00
# Visual Studio Version 17
VisualStudioVersion = 17.7.34024.191
MinimumVisualStudioVersion = 10.0.40219.1
Project("{9A19103F-16F7-4668-BE54-9A1E7A4F7556}") = "MagicVilla_VillaAPI", "MagicVilla_VillaAPI\MagicVilla_VillaAPI.csproj", "{38BC0004-95A2-4543-9DED-B62A87B826C7}"
EndProject
Project("{9A19103F-16F7-4668-BE54-9A1E7A4F7556}") = "MagicVilla_Web", "MagicVilla_Web\MagicVilla_Web.csproj", "{DF83337F-C33B-446F-B3B8-BD0626326C4B}"
EndProject
Project("{9A19103F-16F7-4668-BE54-9A1E7A4F7556}") = "MagicVilla_Utility", "MagicVilla_Utility\MagicVilla_Utility.csproj", "{C0A1C3CF-B063-48C7-B0CE-BBFEF7813848}"
EndProject
Global
	GlobalSection(SolutionConfigurationPlatforms) = preSolution
		Debug|Any CPU = Debug|Any CPU
		Release|Any CPU = Release|Any CPU
	EndGlobalSection
	GlobalSection(ProjectConfigurationPlatforms) = postSolution
		{38BC0004-95A2-4543-9DED-B62A87B826C7}.Debug|Any CPU.ActiveCfg = Debug|Any CPU
		{38BC0004-95A2-4543-9DED-B62A87B826C7}.Debug|Any CPU.Build.0 = Debug|Any CPU
		{38BC0004-95A2-4543-9DED-B62A87B826C7}.Release|Any CPU.ActiveCfg = Release|Any CPU
		{38BC0004-95A2-4543-9DED-B62A87B826C7}.Release|Any CPU.Build.0 = Release|Any CPU
		{DF83337F-C33B-446F-B3B8-BD0626326C4B}.Debug|Any CPU.ActiveCfg = Debug|Any CPU
		{DF83337F-C33B-446F-B3B8-BD0626326C4B}.Debug|Any CPU.Build.0 = Debug|Any CPU
		{DF83337F-C33B-446F-B3B8-BD0626326C4B}.Release|Any CPU.ActiveCfg = Release|Any CPU
		{DF83337F-C33B-446F-B3B8-BD0626326C4B}.Release|Any CPU.Build.0 = Release|Any CPU
		{C0A1C3CF-B063-48C7-B0CE-BBFEF7813848}.Debug|Any CPU.ActiveCfg = Debug|Any CPU
		{C0A1C3CF-B063-48C7-B0CE-BBFEF7813848}.Debug|Any CPU.Build.0 = Debug|Any CPU
		{C0A1C3CF-B063-48C7-B0CE-BBFEF7813848}.Release|Any CPU.ActiveCfg = Release|Any CPU
		{C0A1C3CF-B063-48C7-B0CE-BBFEF7813848}.Release|Any CPU.Build.0 = Release|Any CPU
	EndGlobalSection
	GlobalSection(SolutionProperties) = preSolution
		HideSolutionNode = FALSE
	EndGlobalSection
	GlobalSection(ExtensibilityGlobals) = postSolution
		SolutionGuid = {95E6E16F-FD15-4AB3-B77C-66C11FD0C9E1}
	EndGlobalSection
EndGlobal
